
Microsoft Visual Studio Solution File, Format Version 12.00
# Visual Studio Version 17
VisualStudioVersion = 17.4.33213.308
MinimumVisualStudioVersion = 10.0.40219.1
Project("{FAE04EC0-301F-11D3-BF4B-00C04F79EFBC}") = "EnglishSchool", "EnglishSchool\EnglishSchool.csproj", "{249E9C06-2B0E-4CF6-B0CE-9918F67331EA}"
EndProject
Project("{54435603-DBB4-11D2-8724-00A0C9A8B90C}") = "SetupEnglishSchool", "SetupEnglishSchool\SetupEnglishSchool.vdproj", "{CF094B00-CECF-4148-B925-FF3B0C959889}"
EndProject
Global
	GlobalSection(SolutionConfigurationPlatforms) = preSolution
		Debug|Any CPU = Debug|Any CPU
		Release|Any CPU = Release|Any CPU
	EndGlobalSection
	GlobalSection(ProjectConfigurationPlatforms) = postSolution
		{249E9C06-2B0E-4CF6-B0CE-9918F67331EA}.Debug|Any CPU.ActiveCfg = Debug|Any CPU
		{249E9C06-2B0E-4CF6-B0CE-9918F67331EA}.Debug|Any CPU.Build.0 = Debug|Any CPU
		{249E9C06-2B0E-4CF6-B0CE-9918F67331EA}.Release|Any CPU.ActiveCfg = Release|Any CPU
		{249E9C06-2B0E-4CF6-B0CE-9918F67331EA}.Release|Any CPU.Build.0 = Release|Any CPU
		{CF094B00-CECF-4148-B925-FF3B0C959889}.Debug|Any CPU.ActiveCfg = Debug
		{CF094B00-CECF-4148-B925-FF3B0C959889}.Release|Any CPU.ActiveCfg = Release
	EndGlobalSection
	GlobalSection(SolutionProperties) = preSolution
		HideSolutionNode = FALSE
	EndGlobalSection
	GlobalSection(ExtensibilityGlobals) = postSolution
		SolutionGuid = {6F994D8C-9C2D-43EA-8070-04A041654C5A}
	EndGlobalSection
EndGlobal
